{
  "version": 4,
  "terraform_version": "1.0.0",
  "serial": 5,
  "lineage": "1bdf301b-e64a-f208-481f-8c62f690e89f",
  "outputs": {},
  "resources": [
    {
      "mode": "managed",
      "type": "sdwan_device_template",
      "name": "test",
      "provider": "provider[\"registry.terraform.io/ciscodevnet/sdwan\"]",
      "instances": [
        {
          "schema_version": 1,
          "attributes": {
            "config_type": "file",
            "connection_preference": null,
            "connection_preference_required": null,
            "created_by": "admin",
            "created_on": 1634148742730,
            "device_role": "sdwan-edge",
            "device_type": "vedge-cloud",
            "factory_default": false,
            "feature": "vmanage-default",
            "feature_template_uid_range": [],
            "general_templates": [],
            "id": "c205e324-c8e2-4e8a-a8e5-1bf02bce90d8",
            "last_updated_by": "admin",
            "last_updated_on": 1634148742730,
            "policy_id": null,
            "rid": 697,
            "template_attached": null,
            "template_class": "vedge",
            "template_configuration": "`",
            "template_description": "For testing purpose",
            "template_id": "c205e324-c8e2-4e8a-a8e5-1bf02bce90d8",
            "template_name": "example1"
          },
          "sensitive_attributes": [],
          "private": "eyJzY2hlbWFfdmVyc2lvbiI6IjEifQ=="
        }
      ]
    }
  ]
}
