{
  "version": 4,
  "terraform_version": "1.0.0",
  "serial": 22,
  "lineage": "1bdf301b-e64a-f208-481f-8c62f690e89f",
  "outputs": {},
  "resources": [
    {
      "mode": "managed",
      "type": "sdwan_device_template",
      "name": "test",
      "provider": "provider[\"registry.terraform.io/ciscodevnet/sdwan\"]",
      "instances": [
        {
          "schema_version": 1,
          "attributes": {
            "config_type": "file",
            "connection_preference": null,
            "connection_preference_required": null,
            "created_by": "admin",
            "created_on": 1634658083753,
            "device_role": "sdwan-edge",
            "device_type": "vedge-cloud",
            "factory_default": false,
            "feature": "vmanage-default",
            "feature_template_uid_range": [],
            "general_templates": [],
            "id": "0a9bc51e-adfc-4123-adfe-cb8862a29fce",
            "last_updated_by": "admin",
            "last_updated_on": 1634658083753,
            "policy_id": null,
            "rid": 770,
            "template_attached": null,
            "template_class": "vedge",
            "template_configuration": "`",
            "template_description": "For testing purpose",
            "template_id": "0a9bc51e-adfc-4123-adfe-cb8862a29fce",
            "template_name": "CSS_LATAM_DT"
          },
          "sensitive_attributes": [],
          "private": "eyJzY2hlbWFfdmVyc2lvbiI6IjEifQ=="
        }
      ]
    },
    {
      "mode": "managed",
      "type": "sdwan_ntp_feature_template",
      "name": "example_ntp_feature_template",
      "provider": "provider[\"registry.terraform.io/ciscodevnet/sdwan\"]",
      "instances": [
        {
          "schema_version": 0,
          "attributes": {
            "attached_masters_count": 0,
            "config_type": "xml",
            "created_by": "admin",
            "created_on": 1634658083492,
            "device_type": [
              "vedge-1000",
              "vedge-2000",
              "vedge-cloud",
              "vedge-5000"
            ],
            "devices_attached": 0,
            "factory_default": false,
            "feature": "vmanage-default",
            "g_template_class": "vedge",
            "id": "352fb934-cdbd-4801-9242-ffb1cd38b614",
            "last_updated_by": "admin",
            "last_updated_on": 1634658083492,
            "rid": null,
            "template_definition": [
              {
                "authentication": [
                  {
                    "id": 1,
                    "value": "12345"
                  }
                ],
                "master": [],
                "server": [
                  {
                    "hostname": "198.00.200.100",
                    "key": 1,
                    "prefer": false,
                    "source_interface": "",
                    "version": 4,
                    "vpn": 0
                  }
                ],
                "trusted": [
                  "1"
                ]
              }
            ],
            "template_description": "For testing purposes",
            "template_id": "352fb934-cdbd-4801-9242-ffb1cd38b614",
            "template_min_version": "15.0.0",
            "template_name": "CSS_LATAM_FT",
            "template_type": "ntp"
          },
          "sensitive_attributes": [],
          "private": "bnVsbA=="
        }
      ]
    }
  ]
}
